
Microsoft Visual Studio Solution File, Format Version 12.00
# Visual Studio Version 16
VisualStudioVersion = 16.0.29409.12
MinimumVisualStudioVersion = 10.0.40219.1
Project("{FAE04EC0-301F-11D3-BF4B-00C04F79EFBC}") = "client", "client\client.csproj", "{044325FA-F6F3-4BDA-80B9-C5C9FA870EB3}"
EndProject
Global
	GlobalSection(SolutionConfigurationPlatforms) = preSolution
		Debug|Any CPU = Debug|Any CPU
		Release|Any CPU = Release|Any CPU
	EndGlobalSection
	GlobalSection(ProjectConfigurationPlatforms) = postSolution
		{044325FA-F6F3-4BDA-80B9-C5C9FA870EB3}.Debug|Any CPU.ActiveCfg = Debug|Any CPU
		{044325FA-F6F3-4BDA-80B9-C5C9FA870EB3}.Debug|Any CPU.Build.0 = Debug|Any CPU
		{044325FA-F6F3-4BDA-80B9-C5C9FA870EB3}.Release|Any CPU.ActiveCfg = Release|Any CPU
		{044325FA-F6F3-4BDA-80B9-C5C9FA870EB3}.Release|Any CPU.Build.0 = Release|Any CPU
	EndGlobalSection
	GlobalSection(SolutionProperties) = preSolution
		HideSolutionNode = FALSE
	EndGlobalSection
	GlobalSection(ExtensibilityGlobals) = postSolution
		SolutionGuid = {557E09ED-5E4E-4BF3-BC1D-349C7D5BD0B9}
	EndGlobalSection
EndGlobal
